// !$*UTF8*$!
{
	archiveVersion = 1;
	classes = {
	};
	objectVersion = 77;
	objects = {

/* Begin PBXBuildFile section */
		2AE5B0932F16637D00376ED6 /* .gitignore in Resources */ = {isa = PBXBuildFile; fileRef = 2AE5B0922F16637D00376ED6 /* .gitignore */; };
		96F41B822E4E9959003A6D2A /* FirebaseAnalytics in Frameworks */ = {isa = PBXBuildFile; productRef = 96F41B812E4E9959003A6D2A /* FirebaseAnalytics */; };
		96F41B842E4E9959003A6D2A /* FirebaseAuth in Frameworks */ = {isa = PBXBuildFile; productRef = 96F41B832E4E9959003A6D2A /* FirebaseAuth */; };
		96F41B862E4E9959003A6D2A /* FirebaseFirestore in Frameworks */ = {isa = PBXBuildFile; productRef = 96F41B852E4E9959003A6D2A /* FirebaseFirestore */; };
/* End PBXBuildFile section */

/* Begin PBXContainerItemProxy section */
		96F41B3E2E4360FA003A6D2A /* PBXContainerItemProxy */ = {
			isa = PBXContainerItemProxy;
			containerPortal = 96F41B242E4360F6003A6D2A /* Project object */;
			proxyType = 1;
			remoteGlobalIDString = 96F41B2B2E4360F6003A6D2A;
			remoteInfo = ShareKon;
		};
		96F41B482E4360FD003A6D2A /* PBXContainerItemProxy */ = {
			isa = PBXContainerItemProxy;
			containerPortal = 96F41B242E4360F6003A6D2A /* Project object */;
			proxyType = 1;
			remoteGlobalIDString = 96F41B2B2E4360F6003A6D2A;
			remoteInfo = ShareKon;
		};
/* End PBXContainerItemProxy section */

/* Begin PBXFileReference section */
		2AE5B0922F16637D00376ED6 /* .gitignore */ = {isa = PBXFileReference; lastKnownFileType = text; path = .gitignore; sourceTree = "<group>"; };
		96F41B2C2E4360F6003A6D2A /* ShareKon.app */ = {isa = PBXFileReference; explicitFileType = wrapper.application; includeInIndex = 0; path = ShareKon.app; sourceTree = BUILT_PRODUCTS_DIR; };
		96F41B3D2E4360FA003A6D2A /* ShareKonTests.xctest */ = {isa = PBXFileReference; explicitFileType = wrapper.cfbundle; includeInIndex = 0; path = ShareKonTests.xctest; sourceTree = BUILT_PRODUCTS_DIR; };
		96F41B472E4360FD003A6D2A /* ShareKonUITests.xctest */ = {isa = PBXFileReference; explicitFileType = wrapper.cfbundle; includeInIndex = 0; path = ShareKonUITests.xctest; sourceTree = BUILT_PRODUCTS_DIR; };
/* End PBXFileReference section */

/* Begin PBXFileSystemSynchronizedRootGroup section */
		96F41B2E2E4360F6003A6D2A /* ShareKon */ = {
			isa = PBXFileSystemSynchronizedRootGroup;
			path = ShareKon;
			sourceTree = "<group>";
		};
		96F41B402E4360FD003A6D2A /* ShareKonTests */ = {
			isa = PBXFileSystemSynchronizedRootGroup;
			path = ShareKonTests;
			sourceTree = "<group>";
		};
		96F41B4A2E4360FD003A6D2A /* ShareKonUITests */ = {
			isa = PBXFileSystemSynchronizedRootGroup;
			path = ShareKonUITests;
			sourceTree = "<group>";
		};
/* End PBXFileSystemSynchronizedRootGroup section */

/* Begin PBXFrameworksBuildPhase section */
		96F41B292E4360F6003A6D2A /* Frameworks */ = {
			isa = PBXFrameworksBuildPhase;
			buildActionMask = 2147483647;
			files = (
				96F41B822E4E9959003A6D2A /* FirebaseAnalytics in Frameworks */,
				96F41B842E4E9959003A6D2A /* FirebaseAuth in Frameworks */,
				96F41B862E4E9959003A6D2A /* FirebaseFirestore in Frameworks */,
			);
			runOnlyForDeploymentPostprocessing = 0;
		};
		96F41B3A2E4360FA003A6D2A /* Frameworks */ = {
			isa = PBXFrameworksBuildPhase;
			buildActionMask = 2147483647;
			files = (
			);
			runOnlyForDeploymentPostprocessing = 0;
		};
		96F41B442E4360FD003A6D2A /* Frameworks */ = {
			isa = PBXFrameworksBuildPhase;
			buildActionMask = 2147483647;
			files = (
			);
			runOnlyForDeploymentPostprocessing = 0;
		};
/* End PBXFrameworksBuildPhase section */

/* Begin PBXGroup section */
		96F41B232E4360F6003A6D2A = {
			isa = PBXGroup;
			children = (
				2AE5B0922F16637D00376ED6 /* .gitignore */,
				96F41B2E2E4360F6003A6D2A /* ShareKon */,
				96F41B402E4360FD003A6D2A /* ShareKonTests */,
				96F41B4A2E4360FD003A6D2A /* ShareKonUITests */,
				96F41B2D2E4360F6003A6D2A /* Products */,
			);
			sourceTree = "<group>";
		};
		96F41B2D2E4360F6003A6D2A /* Products */ = {
			isa = PBXGroup;
			children = (
				96F41B2C2E4360F6003A6D2A /* ShareKon.app */,
				96F41B3D2E4360FA003A6D2A /* ShareKonTests.xctest */,
				96F41B472E4360FD003A6D2A /* ShareKonUITests.xctest */,
			);
			name = Products;
			sourceTree = "<group>";
		};
/* End PBXGroup section */

/* Begin PBXNativeTarget section */
		96F41B2B2E4360F6003A6D2A /* ShareKon */ = {
			isa = PBXNativeTarget;
			buildConfigurationList = 96F41B512E4360FD003A6D2A /* Build configuration list for PBXNativeTarget "ShareKon" */;
			buildPhases = (
				96F41B282E4360F6003A6D2A /* Sources */,
				96F41B292E4360F6003A6D2A /* Frameworks */,
				96F41B2A2E4360F6003A6D2A /* Resources */,
			);
			buildRules = (
			);
			dependencies = (
			);
			fileSystemSynchronizedGroups = (
				96F41B2E2E4360F6003A6D2A /* ShareKon */,
			);
			name = ShareKon;
			packageProductDependencies = (
				96F41B812E4E9959003A6D2A /* FirebaseAnalytics */,
				96F41B832E4E9959003A6D2A /* FirebaseAuth */,
				96F41B852E4E9959003A6D2A /* FirebaseFirestore */,
			);
			productName = ShareKon;
			productReference = 96F41B2C2E4360F6003A6D2A /* ShareKon.app */;
			productType = "com.apple.product-type.application";
		};
		96F41B3C2E4360FA003A6D2A /* ShareKonTests */ = {
			isa = PBXNativeTarget;
			buildConfigurationList = 96F41B542E4360FD003A6D2A /* Build configuration list for PBXNativeTarget "ShareKonTests" */;
			buildPhases = (
				96F41B392E4360FA003A6D2A /* Sources */,
				96F41B3A2E4360FA003A6D2A /* Frameworks */,
				96F41B3B2E4360FA003A6D2A /* Resources */,
			);
			buildRules = (
			);
			dependencies = (
				96F41B3F2E4360FA003A6D2A /* PBXTargetDependency */,
			);
			fileSystemSynchronizedGroups = (
				96F41B402E4360FD003A6D2A /* ShareKonTests */,
			);
			name = ShareKonTests;
			packageProductDependencies = (
			);
			productName = ShareKonTests;
			productReference = 96F41B3D2E4360FA003A6D2A /* ShareKonTests.xctest */;
			productType = "com.apple.product-type.bundle.unit-test";
		};
		96F41B462E4360FD003A6D2A /* ShareKonUITests */ = {
			isa = PBXNativeTarget;
			buildConfigurationList = 96F41B572E4360FD003A6D2A /* Build configuration list for PBXNativeTarget "ShareKonUITests" */;
			buildPhases = (
				96F41B432E4360FD003A6D2A /* Sources */,
				96F41B442E4360FD003A6D2A /* Frameworks */,
				96F41B452E4360FD003A6D2A /* Resources */,
			);
			buildRules = (
			);
			dependencies = (
				96F41B492E4360FD003A6D2A /* PBXTargetDependency */,
			);
			fileSystemSynchronizedGroups = (
				96F41B4A2E4360FD003A6D2A /* ShareKonUITests */,
			);
			name = ShareKonUITests;
			packageProductDependencies = (
			);
			productName = ShareKonUITests;
			productReference = 96F41B472E4360FD003A6D2A /* ShareKonUITests.xctest */;
			productType = "com.apple.product-type.bundle.ui-testing";
		};
/* End PBXNativeTarget section */

/* Begin PBXProject section */
		96F41B242E4360F6003A6D2A /* Project object */ = {
			isa = PBXProject;
			attributes = {
				BuildIndependentTargetsInParallel = 1;
				LastSwiftUpdateCheck = 1620;
				LastUpgradeCheck = 1620;
				TargetAttributes = {
					96F41B2B2E4360F6003A6D2A = {
						CreatedOnToolsVersion = 16.2;
					};
					96F41B3C2E4360FA003A6D2A = {
						CreatedOnToolsVersion = 16.2;
						TestTargetID = 96F41B2B2E4360F6003A6D2A;
					};
					96F41B462E4360FD003A6D2A = {
						CreatedOnToolsVersion = 16.2;
						TestTargetID = 96F41B2B2E4360F6003A6D2A;
					};
				};
			};
			buildConfigurationList = 96F41B272E4360F6003A6D2A /* Build configuration list for PBXProject "ShareKon" */;
			developmentRegion = en;
			hasScannedForEncodings = 0;
			knownRegions = (
				en,
				Base,
			);
			mainGroup = 96F41B232E4360F6003A6D2A;
			minimizedProjectReferenceProxies = 1;
			packageReferences = (
				96F41B802E4E9959003A6D2A /* XCRemoteSwiftPackageReference "firebase-ios-sdk" */,
			);
			preferredProjectObjectVersion = 77;
			productRefGroup = 96F41B2D2E4360F6003A6D2A /* Products */;
			projectDirPath = "";
			projectRoot = "";
			targets = (
				96F41B2B2E4360F6003A6D2A /* ShareKon */,
				96F41B3C2E4360FA003A6D2A /* ShareKonTests */,
				96F41B462E4360FD003A6D2A /* ShareKonUITests */,
			);
		};
/* End PBXProject section */

/* Begin PBXResourcesBuildPhase section */
		96F41B2A2E4360F6003A6D2A /* Resources */ = {
			isa = PBXResourcesBuildPhase;
			buildActionMask = 2147483647;
			files = (
				2AE5B0932F16637D00376ED6 /* .gitignore in Resources */,
			);
			runOnlyForDeploymentPostprocessing = 0;
		};
		96F41B3B2E4360FA003A6D2A /* Resources */ = {
			isa = PBXResourcesBuildPhase;
			buildActionMask = 2147483647;
			files = (
			);
			runOnlyForDeploymentPostprocessing = 0;
		};
		96F41B452E4360FD003A6D2A /* Resources */ = {
			isa = PBXResourcesBuildPhase;
			buildActionMask = 2147483647;
			files = (
			);
			runOnlyForDeploymentPostprocessing = 0;
		};
/* End PBXResourcesBuildPhase section */

/* Begin PBXSourcesBuildPhase section */
		96F41B282E4360F6003A6D2A /* Sources */ = {
			isa = PBXSourcesBuildPhase;
			buildActionMask = 2147483647;
			files = (
			);
			runOnlyForDeploymentPostprocessing = 0;
		};
		96F41B392E4360FA003A6D2A /* Sources */ = {
			isa = PBXSourcesBuildPhase;
			buildActionMask = 2147483647;
			files = (
			);
			runOnlyForDeploymentPostprocessing = 0;
		};
		96F41B432E4360FD003A6D2A /* Sources */ = {
			isa = PBXSourcesBuildPhase;
			buildActionMask = 2147483647;
			files = (
			);
			runOnlyForDeploymentPostprocessing = 0;
		};
/* End PBXSourcesBuildPhase section */

/* Begin PBXTargetDependency section */
		96F41B3F2E4360FA003A6D2A /* PBXTargetDependency */ = {
			isa = PBXTargetDependency;
			target = 96F41B2B2E4360F6003A6D2A /* ShareKon */;
			targetProxy = 96F41B3E2E4360FA003A6D2A /* PBXContainerItemProxy */;
		};
		96F41B492E4360FD003A6D2A /* PBXTargetDependency */ = {
			isa = PBXTargetDependency;
			target = 96F41B2B2E4360F6003A6D2A /* ShareKon */;
			targetProxy = 96F41B482E4360FD003A6D2A /* PBXContainerItemProxy */;
		};
/* End PBXTargetDependency section */

/* Begin XCBuildConfiguration section */
		96F41B4F2E4360FD003A6D2A /* Debug */ = {
			isa = XCBuildConfiguration;
			buildSettings = {
				ALWAYS_SEARCH_USER_PATHS = NO;
				ASSETCATALOG_COMPILER_GENERATE_SWIFT_ASSET_SYMBOL_EXTENSIONS = YES;
				CLANG_ANALYZER_NONNULL = YES;
				CLANG_ANALYZER_NUMBER_OBJECT_CONVERSION = YES_AGGRESSIVE;
				CLANG_CXX_LANGUAGE_STANDARD = "gnu++20";
				CLANG_ENABLE_MODULES = YES;
				CLANG_ENABLE_OBJC_ARC = YES;
				CLANG_ENABLE_OBJC_WEAK = YES;
				CLANG_WARN_BLOCK_CAPTURE_AUTORELEASING = YES;
				CLANG_WARN_BOOL_CONVERSION = YES;
				CLANG_WARN_COMMA = YES;
				CLANG_WARN_CONSTANT_CONVERSION = YES;
				CLANG_WARN_DEPRECATED_OBJC_IMPLEMENTATIONS = YES;
				CLANG_WARN_DIRECT_OBJC_ISA_USAGE = YES_ERROR;
				CLANG_WARN_DOCUMENTATION_COMMENTS = YES;
				CLANG_WARN_EMPTY_BODY = YES;
				CLANG_WARN_ENUM_CONVERSION = YES;
				CLANG_WARN_INFINITE_RECURSION = YES;
				CLANG_WARN_INT_CONVERSION = YES;
				CLANG_WARN_NON_LITERAL_NULL_CONVERSION = YES;
				CLANG_WARN_OBJC_IMPLICIT_RETAIN_SELF = YES;
				CLANG_WARN_OBJC_LITERAL_CONVERSION = YES;
				CLANG_WARN_OBJC_ROOT_CLASS = YES_ERROR;
				CLANG_WARN_QUOTED_INCLUDE_IN_FRAMEWORK_HEADER = YES;
				CLANG_WARN_RANGE_LOOP_ANALYSIS = YES;
				CLANG_WARN_STRICT_PROTOTYPES = YES;
				CLANG_WARN_SUSPICIOUS_MOVE = YES;
				CLANG_WARN_UNGUARDED_AVAILABILITY = YES_AGGRESSIVE;
				CLANG_WARN_UNREACHABLE_CODE = YES;
				CLANG_WARN__DUPLICATE_METHOD_MATCH = YES;
				COPY_PHASE_STRIP = NO;
				DEBUG_INFORMATION_FORMAT = dwarf;
				ENABLE_STRICT_OBJC_MSGSEND = YES;
				ENABLE_TESTABILITY = YES;
				ENABLE_USER_SCRIPT_SANDBOXING = YES;
				GCC_C_LANGUAGE_STANDARD = gnu17;
				GCC_DYNAMIC_NO_PIC = NO;
				GCC_NO_COMMON_BLOCKS = YES;
				GCC_OPTIMIZATION_LEVEL = 0;
				GCC_PREPROCESSOR_DEFINITIONS = (
					"DEBUG=1",
					"$(inherited)",
				);
				GCC_WARN_64_TO_32_BIT_CONVERSION = YES;
				GCC_WARN_ABOUT_RETURN_TYPE = YES_ERROR;
				GCC_WARN_UNDECLARED_SELECTOR = YES;
				GCC_WARN_UNINITIALIZED_AUTOS = YES_AGGRESSIVE;
				GCC_WARN_UNUSED_FUNCTION = YES;
				GCC_WARN_UNUSED_VARIABLE = YES;
				LOCALIZATION_PREFERS_STRING_CATALOGS = YES;
				MTL_ENABLE_DEBUG_INFO = INCLUDE_SOURCE;
				MTL_FAST_MATH = YES;
				ONLY_ACTIVE_ARCH = YES;
				SWIFT_ACTIVE_COMPILATION_CONDITIONS = "DEBUG $(inherited)";
				SWIFT_OPTIMIZATION_LEVEL = "-Onone";
			};
			name = Debug;
		};
		96F41B502E4360FD003A6D2A /* Release */ = {
			isa = XCBuildConfiguration;
			buildSettings = {
				ALWAYS_SEARCH_USER_PATHS = NO;
				ASSETCATALOG_COMPILER_GENERATE_SWIFT_ASSET_SYMBOL_EXTENSIONS = YES;
				CLANG_ANALYZER_NONNULL = YES;
				CLANG_ANALYZER_NUMBER_OBJECT_CONVERSION = YES_AGGRESSIVE;
				CLANG_CXX_LANGUAGE_STANDARD = "gnu++20";
				CLANG_ENABLE_MODULES = YES;
				CLANG_ENABLE_OBJC_ARC = YES;
				CLANG_ENABLE_OBJC_WEAK = YES;
				CLANG_WARN_BLOCK_CAPTURE_AUTORELEASING = YES;
				CLANG_WARN_BOOL_CONVERSION = YES;
				CLANG_WARN_COMMA = YES;
				CLANG_WARN_CONSTANT_CONVERSION = YES;
				CLANG_WARN_DEPRECATED_OBJC_IMPLEMENTATIONS = YES;
				CLANG_WARN_DIRECT_OBJC_ISA_USAGE = YES_ERROR;
				CLANG_WARN_DOCUMENTATION_COMMENTS = YES;
				CLANG_WARN_EMPTY_BODY = YES;
				CLANG_WARN_ENUM_CONVERSION = YES;
				CLANG_WARN_INFINITE_RECURSION = YES;
				CLANG_WARN_INT_CONVERSION = YES;
				CLANG_WARN_NON_LITERAL_NULL_CONVERSION = YES;
				CLANG_WARN_OBJC_IMPLICIT_RETAIN_SELF = YES;
				CLANG_WARN_OBJC_LITERAL_CONVERSION = YES;
				CLANG_WARN_OBJC_ROOT_CLASS = YES_ERROR;
				CLANG_WARN_QUOTED_INCLUDE_IN_FRAMEWORK_HEADER = YES;
				CLANG_WARN_RANGE_LOOP_ANALYSIS = YES;
				CLANG_WARN_STRICT_PROTOTYPES = YES;
				CLANG_WARN_SUSPICIOUS_MOVE = YES;
				CLANG_WARN_UNGUARDED_AVAILABILITY = YES_AGGRESSIVE;
				CLANG_WARN_UNREACHABLE_CODE = YES;
				CLANG_WARN__DUPLICATE_METHOD_MATCH = YES;
				COPY_PHASE_STRIP = NO;
				DEBUG_INFORMATION_FORMAT = "dwarf-with-dsym";
				ENABLE_NS_ASSERTIONS = NO;
				ENABLE_STRICT_OBJC_MSGSEND = YES;
				ENABLE_USER_SCRIPT_SANDBOXING = YES;
				GCC_C_LANGUAGE_STANDARD = gnu17;
				GCC_NO_COMMON_BLOCKS = YES;
				GCC_WARN_64_TO_32_BIT_CONVERSION = YES;
				GCC_WARN_ABOUT_RETURN_TYPE = YES_ERROR;
				GCC_WARN_UNDECLARED_SELECTOR = YES;
				GCC_WARN_UNINITIALIZED_AUTOS = YES_AGGRESSIVE;
				GCC_WARN_UNUSED_FUNCTION = YES;
				GCC_WARN_UNUSED_VARIABLE = YES;
				LOCALIZATION_PREFERS_STRING_CATALOGS = YES;
				MTL_ENABLE_DEBUG_INFO = NO;
				MTL_FAST_MATH = YES;
				SWIFT_COMPILATION_MODE = wholemodule;
			};
			name = Release;
		};
		96F41B522E4360FD003A6D2A /* Debug */ = {
			isa = XCBuildConfiguration;
			buildSettings = {
				ASSETCATALOG_COMPILER_APPICON_NAME = AppIcon;
				ASSETCATALOG_COMPILER_GLOBAL_ACCENT_COLOR_NAME = AccentColor;
				CODE_SIGN_ENTITLEMENTS = ShareKon/ShareKon.entitlements;
				CODE_SIGN_STYLE = Automatic;
				CURRENT_PROJECT_VERSION = 2;
				DEVELOPMENT_ASSET_PATHS = "\"ShareKon/Preview Content\"";
				DEVELOPMENT_TEAM = FZXADCAZL5;
				ENABLE_PREVIEWS = YES;
				GENERATE_INFOPLIST_FILE = YES;
				INFOPLIST_KEY_CFBundleDisplayName = "ペアーペイ - 割り勘管理";
				INFOPLIST_KEY_ITSAppUsesNonExemptEncryption = NO;
				"INFOPLIST_KEY_UIApplicationSceneManifest_Generation[sdk=iphoneos*]" = YES;
				"INFOPLIST_KEY_UIApplicationSceneManifest_Generation[sdk=iphonesimulator*]" = YES;
				"INFOPLIST_KEY_UIApplicationSupportsIndirectInputEvents[sdk=iphoneos*]" = YES;
				"INFOPLIST_KEY_UIApplicationSupportsIndirectInputEvents[sdk=iphonesimulator*]" = YES;
				"INFOPLIST_KEY_UILaunchScreen_Generation[sdk=iphoneos*]" = YES;
				"INFOPLIST_KEY_UILaunchScreen_Generation[sdk=iphonesimulator*]" = YES;
				"INFOPLIST_KEY_UIStatusBarStyle[sdk=iphoneos*]" = UIStatusBarStyleDefault;
				"INFOPLIST_KEY_UIStatusBarStyle[sdk=iphonesimulator*]" = UIStatusBarStyleDefault;
				INFOPLIST_KEY_UISupportedInterfaceOrientations_iPad = "UIInterfaceOrientationPortrait UIInterfaceOrientationPortraitUpsideDown UIInterfaceOrientationLandscapeLeft UIInterfaceOrientationLandscapeRight";
				INFOPLIST_KEY_UISupportedInterfaceOrientations_iPhone = "UIInterfaceOrientationPortrait UIInterfaceOrientationLandscapeLeft UIInterfaceOrientationLandscapeRight";
				IPHONEOS_DEPLOYMENT_TARGET = 18.2;
				LD_RUNPATH_SEARCH_PATHS = "@executable_path/Frameworks";
				"LD_RUNPATH_SEARCH_PATHS[sdk=macosx*]" = "@executable_path/../Frameworks";
				MACOSX_DEPLOYMENT_TARGET = 14.5;
				MARKETING_VERSION = 1.2.0;
				PRODUCT_BUNDLE_IDENTIFIER = AiriSawada.ShareKon;
				PRODUCT_NAME = "$(TARGET_NAME)";
				SDKROOT = auto;
				SUPPORTED_PLATFORMS = "iphoneos iphonesimulator macosx xros xrsimulator";
				SWIFT_EMIT_LOC_STRINGS = YES;
				SWIFT_VERSION = 5.0;
				TARGETED_DEVICE_FAMILY = "1,2,7";
				XROS_DEPLOYMENT_TARGET = 2.2;
			};
			name = Debug;
		};
		96F41B532E4360FD003A6D2A /* Release */ = {
			isa = XCBuildConfiguration;
			buildSettings = {
				ASSETCATALOG_COMPILER_APPICON_NAME = AppIcon;
				ASSETCATALOG_COMPILER_GLOBAL_ACCENT_COLOR_NAME = AccentColor;
				CODE_SIGN_ENTITLEMENTS = ShareKon/ShareKon.entitlements;
				CODE_SIGN_STYLE = Automatic;
				CURRENT_PROJECT_VERSION = 2;
				DEVELOPMENT_ASSET_PATHS = "\"ShareKon/Preview Content\"";
				DEVELOPMENT_TEAM = FZXADCAZL5;
				ENABLE_PREVIEWS = YES;
				GENERATE_INFOPLIST_FILE = YES;
				INFOPLIST_KEY_CFBundleDisplayName = "ペアーペイ - 割り勘管理";
				INFOPLIST_KEY_ITSAppUsesNonExemptEncryption = NO;
				"INFOPLIST_KEY_UIApplicationSceneManifest_Generation[sdk=iphoneos*]" = YES;
				"INFOPLIST_KEY_UIApplicationSceneManifest_Generation[sdk=iphonesimulator*]" = YES;
				"INFOPLIST_KEY_UIApplicationSupportsIndirectInputEvents[sdk=iphoneos*]" = YES;
				"INFOPLIST_KEY_UIApplicationSupportsIndirectInputEvents[sdk=iphonesimulator*]" = YES;
				"INFOPLIST_KEY_UILaunchScreen_Generation[sdk=iphoneos*]" = YES;
				"INFOPLIST_KEY_UILaunchScreen_Generation[sdk=iphonesimulator*]" = YES;
				"INFOPLIST_KEY_UIStatusBarStyle[sdk=iphoneos*]" = UIStatusBarStyleDefault;
				"INFOPLIST_KEY_UIStatusBarStyle[sdk=iphonesimulator*]" = UIStatusBarStyleDefault;
				INFOPLIST_KEY_UISupportedInterfaceOrientations_iPad = "UIInterfaceOrientationPortrait UIInterfaceOrientationPortraitUpsideDown UIInterfaceOrientationLandscapeLeft UIInterfaceOrientationLandscapeRight";
				INFOPLIST_KEY_UISupportedInterfaceOrientations_iPhone = "UIInterfaceOrientationPortrait UIInterfaceOrientationLandscapeLeft UIInterfaceOrientationLandscapeRight";
				IPHONEOS_DEPLOYMENT_TARGET = 18.2;
				LD_RUNPATH_SEARCH_PATHS = "@executable_path/Frameworks";
				"LD_RUNPATH_SEARCH_PATHS[sdk=macosx*]" = "@executable_path/../Frameworks";
				MACOSX_DEPLOYMENT_TARGET = 14.5;
				MARKETING_VERSION = 1.2.0;
				PRODUCT_BUNDLE_IDENTIFIER = AiriSawada.ShareKon;
				PRODUCT_NAME = "$(TARGET_NAME)";
				SDKROOT = auto;
				SUPPORTED_PLATFORMS = "iphoneos iphonesimulator macosx xros xrsimulator";
				SWIFT_EMIT_LOC_STRINGS = YES;
				SWIFT_VERSION = 5.0;
				TARGETED_DEVICE_FAMILY = "1,2,7";
				XROS_DEPLOYMENT_TARGET = 2.2;
			};
			name = Release;
		};
		96F41B552E4360FD003A6D2A /* Debug */ = {
			isa = XCBuildConfiguration;
			buildSettings = {
				BUNDLE_LOADER = "$(TEST_HOST)";
				CODE_SIGN_STYLE = Automatic;
				CURRENT_PROJECT_VERSION = 1;
				GENERATE_INFOPLIST_FILE = YES;
				IPHONEOS_DEPLOYMENT_TARGET = 18.2;
				MACOSX_DEPLOYMENT_TARGET = 14.5;
				MARKETING_VERSION = 1.0;
				PRODUCT_BUNDLE_IDENTIFIER = AiriSawada.ShareKonTests;
				PRODUCT_NAME = "$(TARGET_NAME)";
				SDKROOT = auto;
				SUPPORTED_PLATFORMS = "iphoneos iphonesimulator macosx xros xrsimulator";
				SWIFT_EMIT_LOC_STRINGS = NO;
				SWIFT_VERSION = 5.0;
				TARGETED_DEVICE_FAMILY = "1,2,7";
				TEST_HOST = "$(BUILT_PRODUCTS_DIR)/ShareKon.app/$(BUNDLE_EXECUTABLE_FOLDER_PATH)/ShareKon";
				XROS_DEPLOYMENT_TARGET = 2.2;
			};
			name = Debug;
		};
		96F41B562E4360FD003A6D2A /* Release */ = {
			isa = XCBuildConfiguration;
			buildSettings = {
				BUNDLE_LOADER = "$(TEST_HOST)";
				CODE_SIGN_STYLE = Automatic;
				CURRENT_PROJECT_VERSION = 1;
				GENERATE_INFOPLIST_FILE = YES;
				IPHONEOS_DEPLOYMENT_TARGET = 18.2;
				MACOSX_DEPLOYMENT_TARGET = 14.5;
				MARKETING_VERSION = 1.0;
				PRODUCT_BUNDLE_IDENTIFIER = AiriSawada.ShareKonTests;
				PRODUCT_NAME = "$(TARGET_NAME)";
				SDKROOT = auto;
				SUPPORTED_PLATFORMS = "iphoneos iphonesimulator macosx xros xrsimulator";
				SWIFT_EMIT_LOC_STRINGS = NO;
				SWIFT_VERSION = 5.0;
				TARGETED_DEVICE_FAMILY = "1,2,7";
				TEST_HOST = "$(BUILT_PRODUCTS_DIR)/ShareKon.app/$(BUNDLE_EXECUTABLE_FOLDER_PATH)/ShareKon";
				XROS_DEPLOYMENT_TARGET = 2.2;
			};
			name = Release;
		};
		96F41B582E4360FD003A6D2A /* Debug */ = {
			isa = XCBuildConfiguration;
			buildSettings = {
				CODE_SIGN_STYLE = Automatic;
				CURRENT_PROJECT_VERSION = 1;
				GENERATE_INFOPLIST_FILE = YES;
				IPHONEOS_DEPLOYMENT_TARGET = 18.2;
				MACOSX_DEPLOYMENT_TARGET = 14.5;
				MARKETING_VERSION = 1.0;
				PRODUCT_BUNDLE_IDENTIFIER = AiriSawada.ShareKonUITests;
				PRODUCT_NAME = "$(TARGET_NAME)";
				SDKROOT = auto;
				SUPPORTED_PLATFORMS = "iphoneos iphonesimulator macosx xros xrsimulator";
				SWIFT_EMIT_LOC_STRINGS = NO;
				SWIFT_VERSION = 5.0;
				TARGETED_DEVICE_FAMILY = "1,2,7";
				TEST_TARGET_NAME = ShareKon;
				XROS_DEPLOYMENT_TARGET = 2.2;
			};
			name = Debug;
		};
		96F41B592E4360FD003A6D2A /* Release */ = {
			isa = XCBuildConfiguration;
			buildSettings = {
				CODE_SIGN_STYLE = Automatic;
				CURRENT_PROJECT_VERSION = 1;
				GENERATE_INFOPLIST_FILE = YES;
				IPHONEOS_DEPLOYMENT_TARGET = 18.2;
				MACOSX_DEPLOYMENT_TARGET = 14.5;
				MARKETING_VERSION = 1.0;
				PRODUCT_BUNDLE_IDENTIFIER = AiriSawada.ShareKonUITests;
				PRODUCT_NAME = "$(TARGET_NAME)";
				SDKROOT = auto;
				SUPPORTED_PLATFORMS = "iphoneos iphonesimulator macosx xros xrsimulator";
				SWIFT_EMIT_LOC_STRINGS = NO;
				SWIFT_VERSION = 5.0;
				TARGETED_DEVICE_FAMILY = "1,2,7";
				TEST_TARGET_NAME = ShareKon;
				XROS_DEPLOYMENT_TARGET = 2.2;
			};
			name = Release;
		};
/* End XCBuildConfiguration section */

/* Begin XCConfigurationList section */
		96F41B272E4360F6003A6D2A /* Build configuration list for PBXProject "ShareKon" */ = {
			isa = XCConfigurationList;
			buildConfigurations = (
				96F41B4F2E4360FD003A6D2A /* Debug */,
				96F41B502E4360FD003A6D2A /* Release */,
			);
			defaultConfigurationIsVisible = 0;
			defaultConfigurationName = Release;
		};
		96F41B512E4360FD003A6D2A /* Build configuration list for PBXNativeTarget "ShareKon" */ = {
			isa = XCConfigurationList;
			buildConfigurations = (
				96F41B522E4360FD003A6D2A /* Debug */,
				96F41B532E4360FD003A6D2A /* Release */,
			);
			defaultConfigurationIsVisible = 0;
			defaultConfigurationName = Release;
		};
		96F41B542E4360FD003A6D2A /* Build configuration list for PBXNativeTarget "ShareKonTests" */ = {
			isa = XCConfigurationList;
			buildConfigurations = (
				96F41B552E4360FD003A6D2A /* Debug */,
				96F41B562E4360FD003A6D2A /* Release */,
			);
			defaultConfigurationIsVisible = 0;
			defaultConfigurationName = Release;
		};
		96F41B572E4360FD003A6D2A /* Build configuration list for PBXNativeTarget "ShareKonUITests" */ = {
			isa = XCConfigurationList;
			buildConfigurations = (
				96F41B582E4360FD003A6D2A /* Debug */,
				96F41B592E4360FD003A6D2A /* Release */,
			);
			defaultConfigurationIsVisible = 0;
			defaultConfigurationName = Release;
		};
/* End XCConfigurationList section */

/* Begin XCRemoteSwiftPackageReference section */
		96F41B802E4E9959003A6D2A /* XCRemoteSwiftPackageReference "firebase-ios-sdk" */ = {
			isa = XCRemoteSwiftPackageReference;
			repositoryURL = "https://github.com/firebase/firebase-ios-sdk";
			requirement = {
				kind = upToNextMajorVersion;
				minimumVersion = 12.1.0;
			};
		};
/* End XCRemoteSwiftPackageReference section */

/* Begin XCSwiftPackageProductDependency section */
		96F41B812E4E9959003A6D2A /* FirebaseAnalytics */ = {
			isa = XCSwiftPackageProductDependency;
			package = 96F41B802E4E9959003A6D2A /* XCRemoteSwiftPackageReference "firebase-ios-sdk" */;
			productName = FirebaseAnalytics;
		};
		96F41B832E4E9959003A6D2A /* FirebaseAuth */ = {
			isa = XCSwiftPackageProductDependency;
			package = 96F41B802E4E9959003A6D2A /* XCRemoteSwiftPackageReference "firebase-ios-sdk" */;
			productName = FirebaseAuth;
		};
		96F41B852E4E9959003A6D2A /* FirebaseFirestore */ = {
			isa = XCSwiftPackageProductDependency;
			package = 96F41B802E4E9959003A6D2A /* XCRemoteSwiftPackageReference "firebase-ios-sdk" */;
			productName = FirebaseFirestore;
		};
/* End XCSwiftPackageProductDependency section */
	};
	rootObject = 96F41B242E4360F6003A6D2A /* Project object */;
}
